
Microsoft Visual Studio Solution File, Format Version 12.00
# Visual Studio Version 17
VisualStudioVersion = 17.4.33205.214
MinimumVisualStudioVersion = 10.0.40219.1
Project("{9A19103F-16F7-4668-BE54-9A1E7A4F7556}") = "AuraRevival", "AuraRevival.csproj", "{ECCACE95-3463-44E3-A456-4DD97771CDEE}"
EndProject
Project("{2150E333-8FDC-42A3-9474-1A3956D46DE8}") = "AuraRevival.Base", "AuraRevival.Base", "{B65D245F-8749-458E-8438-819B92B41B75}"
EndProject
Project("{9A19103F-16F7-4668-BE54-9A1E7A4F7556}") = "AuraRevival.Business", "..\AuraRevival.Base\AuraRevival.Business\AuraRevival.Business.csproj", "{F1061B7A-405A-4F82-B0F1-1869A2868A30}"
EndProject
Project("{9A19103F-16F7-4668-BE54-9A1E7A4F7556}") = "AuraRevival.Core", "..\AuraRevival.Base\AuraRevival.Core\AuraRevival.Core.csproj", "{00EEFA5D-D7D4-47AB-A7CB-EDE04640535B}"
EndProject
Project("{FAE04EC0-301F-11D3-BF4B-00C04F79EFBC}") = "AuraRevival_Framework", "..\AuraRevival_Framework\AuraRevival\AuraRevival_Framework.csproj", "{DD295DA3-3CAB-4568-8704-F0FFE6A0D80A}"
EndProject
Project("{2150E333-8FDC-42A3-9474-1A3956D46DE8}") = "AuraRevival.Framework", "AuraRevival.Framework", "{626E9482-BA42-44CE-91F3-1D72928E3A03}"
EndProject
Project("{FAE04EC0-301F-11D3-BF4B-00C04F79EFBC}") = "AuraRevivalTest_Framework", "..\AuraRevival_Framework\AuraRevivalTest\AuraRevivalTest_Framework.csproj", "{EE6F1005-3610-42FE-BD74-EE15D230272A}"
EndProject
Project("{2150E333-8FDC-42A3-9474-1A3956D46DE8}") = "AuraRevival.Test", "AuraRevival.Test", "{AF1839D1-325F-4758-B18D-2D8721C37409}"
EndProject
Project("{FAE04EC0-301F-11D3-BF4B-00C04F79EFBC}") = "AuraRevivalTest", "..\AuraRevival.Test\AuraRevivalTest\AuraRevivalTest.csproj", "{5B42B3BD-5158-41F6-8B3B-04F49C2073A7}"
EndProject
Global
	GlobalSection(SolutionConfigurationPlatforms) = preSolution
		Debug|Any CPU = Debug|Any CPU
		Release|Any CPU = Release|Any CPU
	EndGlobalSection
	GlobalSection(ProjectConfigurationPlatforms) = postSolution
		{ECCACE95-3463-44E3-A456-4DD97771CDEE}.Debug|Any CPU.ActiveCfg = Debug|Any CPU
		{ECCACE95-3463-44E3-A456-4DD97771CDEE}.Debug|Any CPU.Build.0 = Debug|Any CPU
		{ECCACE95-3463-44E3-A456-4DD97771CDEE}.Release|Any CPU.ActiveCfg = Release|Any CPU
		{ECCACE95-3463-44E3-A456-4DD97771CDEE}.Release|Any CPU.Build.0 = Release|Any CPU
		{F1061B7A-405A-4F82-B0F1-1869A2868A30}.Debug|Any CPU.ActiveCfg = Debug|Any CPU
		{F1061B7A-405A-4F82-B0F1-1869A2868A30}.Debug|Any CPU.Build.0 = Debug|Any CPU
		{F1061B7A-405A-4F82-B0F1-1869A2868A30}.Release|Any CPU.ActiveCfg = Release|Any CPU
		{F1061B7A-405A-4F82-B0F1-1869A2868A30}.Release|Any CPU.Build.0 = Release|Any CPU
		{00EEFA5D-D7D4-47AB-A7CB-EDE04640535B}.Debug|Any CPU.ActiveCfg = Debug|Any CPU
		{00EEFA5D-D7D4-47AB-A7CB-EDE04640535B}.Debug|Any CPU.Build.0 = Debug|Any CPU
		{00EEFA5D-D7D4-47AB-A7CB-EDE04640535B}.Release|Any CPU.ActiveCfg = Release|Any CPU
		{00EEFA5D-D7D4-47AB-A7CB-EDE04640535B}.Release|Any CPU.Build.0 = Release|Any CPU
		{DD295DA3-3CAB-4568-8704-F0FFE6A0D80A}.Debug|Any CPU.ActiveCfg = Debug|Any CPU
		{DD295DA3-3CAB-4568-8704-F0FFE6A0D80A}.Debug|Any CPU.Build.0 = Debug|Any CPU
		{DD295DA3-3CAB-4568-8704-F0FFE6A0D80A}.Release|Any CPU.ActiveCfg = Release|Any CPU
		{DD295DA3-3CAB-4568-8704-F0FFE6A0D80A}.Release|Any CPU.Build.0 = Release|Any CPU
		{EE6F1005-3610-42FE-BD74-EE15D230272A}.Debug|Any CPU.ActiveCfg = Debug|Any CPU
		{EE6F1005-3610-42FE-BD74-EE15D230272A}.Debug|Any CPU.Build.0 = Debug|Any CPU
		{EE6F1005-3610-42FE-BD74-EE15D230272A}.Release|Any CPU.ActiveCfg = Release|Any CPU
		{EE6F1005-3610-42FE-BD74-EE15D230272A}.Release|Any CPU.Build.0 = Release|Any CPU
		{5B42B3BD-5158-41F6-8B3B-04F49C2073A7}.Debug|Any CPU.ActiveCfg = Debug|Any CPU
		{5B42B3BD-5158-41F6-8B3B-04F49C2073A7}.Debug|Any CPU.Build.0 = Debug|Any CPU
		{5B42B3BD-5158-41F6-8B3B-04F49C2073A7}.Release|Any CPU.ActiveCfg = Release|Any CPU
		{5B42B3BD-5158-41F6-8B3B-04F49C2073A7}.Release|Any CPU.Build.0 = Release|Any CPU
	EndGlobalSection
	GlobalSection(SolutionProperties) = preSolution
		HideSolutionNode = FALSE
	EndGlobalSection
	GlobalSection(NestedProjects) = preSolution
		{F1061B7A-405A-4F82-B0F1-1869A2868A30} = {B65D245F-8749-458E-8438-819B92B41B75}
		{00EEFA5D-D7D4-47AB-A7CB-EDE04640535B} = {B65D245F-8749-458E-8438-819B92B41B75}
		{DD295DA3-3CAB-4568-8704-F0FFE6A0D80A} = {626E9482-BA42-44CE-91F3-1D72928E3A03}
		{EE6F1005-3610-42FE-BD74-EE15D230272A} = {626E9482-BA42-44CE-91F3-1D72928E3A03}
		{5B42B3BD-5158-41F6-8B3B-04F49C2073A7} = {AF1839D1-325F-4758-B18D-2D8721C37409}
	EndGlobalSection
	GlobalSection(ExtensibilityGlobals) = postSolution
		SolutionGuid = {DB496309-80F1-4450-828C-BE8C8E3F2EA8}
	EndGlobalSection
EndGlobal
